// !$*UTF8*$!
{
	archiveVersion = 1;
	classes = {
	};
	objectVersion = 50;
	objects = {

/* Begin PBXBuildFile section */
		C024586B21153C590092E9BE /* Journal.swift in Sources */ = {isa = PBXBuildFile; fileRef = C024586A21153C590092E9BE /* Journal.swift */; };
		C024586D211540A50092E9BE /* Identifiable.swift in Sources */ = {isa = PBXBuildFile; fileRef = C024586C211540A50092E9BE /* Identifiable.swift */; };
		C0F646C72102F1760098A8ED /* AppDelegate.swift in Sources */ = {isa = PBXBuildFile; fileRef = C0F646C62102F1760098A8ED /* AppDelegate.swift */; };
		C0F646C92102F1760098A8ED /* ViewController.swift in Sources */ = {isa = PBXBuildFile; fileRef = C0F646C82102F1760098A8ED /* ViewController.swift */; };
		C0F646CC2102F1770098A8ED /* Main.storyboard in Resources */ = {isa = PBXBuildFile; fileRef = C0F646CA2102F1770098A8ED /* Main.storyboard */; };
		C0F646CE2102F1790098A8ED /* Assets.xcassets in Resources */ = {isa = PBXBuildFile; fileRef = C0F646CD2102F1790098A8ED /* Assets.xcassets */; };
		C0F646D12102F1790098A8ED /* LaunchScreen.storyboard in Resources */ = {isa = PBXBuildFile; fileRef = C0F646CF2102F1790098A8ED /* LaunchScreen.storyboard */; };
		C0FAA991210C4B8700CCD915 /* Entry.swift in Sources */ = {isa = PBXBuildFile; fileRef = C0FAA990210C4B8700CCD915 /* Entry.swift */; };
		C0FAA993210C519600CCD915 /* Diary.swift in Sources */ = {isa = PBXBuildFile; fileRef = C0FAA992210C519600CCD915 /* Diary.swift */; };
		C0FAA99B210C57CC00CCD915 /* JournalTests.swift in Sources */ = {isa = PBXBuildFile; fileRef = C0FAA99A210C57CC00CCD915 /* JournalTests.swift */; };
/* End PBXBuildFile section */

/* Begin PBXContainerItemProxy section */
		C0FAA99D210C57CC00CCD915 /* PBXContainerItemProxy */ = {
			isa = PBXContainerItemProxy;
			containerPortal = C0F646BB2102F1760098A8ED /* Project object */;
			proxyType = 1;
			remoteGlobalIDString = C0F646C22102F1760098A8ED;
			remoteInfo = Journal;
		};
/* End PBXContainerItemProxy section */

/* Begin PBXFileReference section */
		C024586A21153C590092E9BE /* Journal.swift */ = {isa = PBXFileReference; lastKnownFileType = sourcecode.swift; path = Journal.swift; sourceTree = "<group>"; };
		C024586C211540A50092E9BE /* Identifiable.swift */ = {isa = PBXFileReference; lastKnownFileType = sourcecode.swift; path = Identifiable.swift; sourceTree = "<group>"; };
		C0F646C32102F1760098A8ED /* Journal.app */ = {isa = PBXFileReference; explicitFileType = wrapper.application; includeInIndex = 0; path = Journal.app; sourceTree = BUILT_PRODUCTS_DIR; };
		C0F646C62102F1760098A8ED /* AppDelegate.swift */ = {isa = PBXFileReference; lastKnownFileType = sourcecode.swift; path = AppDelegate.swift; sourceTree = "<group>"; };
		C0F646C82102F1760098A8ED /* ViewController.swift */ = {isa = PBXFileReference; lastKnownFileType = sourcecode.swift; path = ViewController.swift; sourceTree = "<group>"; };
		C0F646CB2102F1770098A8ED /* Base */ = {isa = PBXFileReference; lastKnownFileType = file.storyboard; name = Base; path = Base.lproj/Main.storyboard; sourceTree = "<group>"; };
		C0F646CD2102F1790098A8ED /* Assets.xcassets */ = {isa = PBXFileReference; lastKnownFileType = folder.assetcatalog; path = Assets.xcassets; sourceTree = "<group>"; };
		C0F646D02102F1790098A8ED /* Base */ = {isa = PBXFileReference; lastKnownFileType = file.storyboard; name = Base; path = Base.lproj/LaunchScreen.storyboard; sourceTree = "<group>"; };
		C0F646D22102F1790098A8ED /* Info.plist */ = {isa = PBXFileReference; lastKnownFileType = text.plist.xml; path = Info.plist; sourceTree = "<group>"; };
		C0FAA990210C4B8700CCD915 /* Entry.swift */ = {isa = PBXFileReference; lastKnownFileType = sourcecode.swift; path = Entry.swift; sourceTree = "<group>"; };
		C0FAA992210C519600CCD915 /* Diary.swift */ = {isa = PBXFileReference; lastKnownFileType = sourcecode.swift; path = Diary.swift; sourceTree = "<group>"; };
		C0FAA998210C57CB00CCD915 /* JournalTests.xctest */ = {isa = PBXFileReference; explicitFileType = wrapper.cfbundle; includeInIndex = 0; path = JournalTests.xctest; sourceTree = BUILT_PRODUCTS_DIR; };
		C0FAA99A210C57CC00CCD915 /* JournalTests.swift */ = {isa = PBXFileReference; lastKnownFileType = sourcecode.swift; path = JournalTests.swift; sourceTree = "<group>"; };
		C0FAA99C210C57CC00CCD915 /* Info.plist */ = {isa = PBXFileReference; lastKnownFileType = text.plist.xml; path = Info.plist; sourceTree = "<group>"; };
/* End PBXFileReference section */

/* Begin PBXFrameworksBuildPhase section */
		C0F646C02102F1760098A8ED /* Frameworks */ = {
			isa = PBXFrameworksBuildPhase;
			buildActionMask = 2147483647;
			files = (
			);
			runOnlyForDeploymentPostprocessing = 0;
		};
		C0FAA995210C57CB00CCD915 /* Frameworks */ = {
			isa = PBXFrameworksBuildPhase;
			buildActionMask = 2147483647;
			files = (
			);
			runOnlyForDeploymentPostprocessing = 0;
		};
/* End PBXFrameworksBuildPhase section */

/* Begin PBXGroup section */
		C092821B210304AE00FA541E /* Sources */ = {
			isa = PBXGroup;
			children = (
				C092821F2103050D00FA541E /* Shared */,
				C0FAA98F210C4B4D00CCD915 /* Model */,
				C092821E210304FD00FA541E /* Controllers */,
			);
			path = Sources;
			sourceTree = "<group>";
		};
		C092821C210304D700FA541E /* Storyboards */ = {
			isa = PBXGroup;
			children = (
				C0F646CA2102F1770098A8ED /* Main.storyboard */,
				C0F646CF2102F1790098A8ED /* LaunchScreen.storyboard */,
			);
			path = Storyboards;
			sourceTree = "<group>";
		};
		C092821D210304E500FA541E /* Resources */ = {
			isa = PBXGroup;
			children = (
				C0F646CD2102F1790098A8ED /* Assets.xcassets */,
				C0F646D22102F1790098A8ED /* Info.plist */,
			);
			path = Resources;
			sourceTree = "<group>";
		};
		C092821E210304FD00FA541E /* Controllers */ = {
			isa = PBXGroup;
			children = (
				C0F646C82102F1760098A8ED /* ViewController.swift */,
			);
			path = Controllers;
			sourceTree = "<group>";
		};
		C092821F2103050D00FA541E /* Shared */ = {
			isa = PBXGroup;
			children = (
				C0F646C62102F1760098A8ED /* AppDelegate.swift */,
			);
			path = Shared;
			sourceTree = "<group>";
		};
		C0F646BA2102F1760098A8ED = {
			isa = PBXGroup;
			children = (
				C0F646C52102F1760098A8ED /* Journal */,
				C0FAA999210C57CC00CCD915 /* JournalTests */,
				C0F646C42102F1760098A8ED /* Products */,
			);
			sourceTree = "<group>";
		};
		C0F646C42102F1760098A8ED /* Products */ = {
			isa = PBXGroup;
			children = (
				C0F646C32102F1760098A8ED /* Journal.app */,
				C0FAA998210C57CB00CCD915 /* JournalTests.xctest */,
			);
			name = Products;
			sourceTree = "<group>";
		};
		C0F646C52102F1760098A8ED /* Journal */ = {
			isa = PBXGroup;
			children = (
				C092821B210304AE00FA541E /* Sources */,
				C092821C210304D700FA541E /* Storyboards */,
				C092821D210304E500FA541E /* Resources */,
			);
			path = Journal;
			sourceTree = "<group>";
		};
		C0FAA98F210C4B4D00CCD915 /* Model */ = {
			isa = PBXGroup;
			children = (
				C0FAA990210C4B8700CCD915 /* Entry.swift */,
				C0FAA992210C519600CCD915 /* Diary.swift */,
				C024586A21153C590092E9BE /* Journal.swift */,
				C024586C211540A50092E9BE /* Identifiable.swift */,
			);
			path = Model;
			sourceTree = "<group>";
		};
		C0FAA999210C57CC00CCD915 /* JournalTests */ = {
			isa = PBXGroup;
			children = (
				C0FAA99A210C57CC00CCD915 /* JournalTests.swift */,
				C0FAA99C210C57CC00CCD915 /* Info.plist */,
			);
			path = JournalTests;
			sourceTree = "<group>";
		};
/* End PBXGroup section */

/* Begin PBXNativeTarget section */
		C0F646C22102F1760098A8ED /* Journal */ = {
			isa = PBXNativeTarget;
			buildConfigurationList = C0F646D52102F1790098A8ED /* Build configuration list for PBXNativeTarget "Journal" */;
			buildPhases = (
				C0F646BF2102F1760098A8ED /* Sources */,
				C0F646C02102F1760098A8ED /* Frameworks */,
				C0F646C12102F1760098A8ED /* Resources */,
			);
			buildRules = (
			);
			dependencies = (
			);
			name = Journal;
			productName = Journal;
			productReference = C0F646C32102F1760098A8ED /* Journal.app */;
			productType = "com.apple.product-type.application";
		};
		C0FAA997210C57CB00CCD915 /* JournalTests */ = {
			isa = PBXNativeTarget;
			buildConfigurationList = C0FAA99F210C57CC00CCD915 /* Build configuration list for PBXNativeTarget "JournalTests" */;
			buildPhases = (
				C0FAA994210C57CB00CCD915 /* Sources */,
				C0FAA995210C57CB00CCD915 /* Frameworks */,
				C0FAA996210C57CB00CCD915 /* Resources */,
			);
			buildRules = (
			);
			dependencies = (
				C0FAA99E210C57CC00CCD915 /* PBXTargetDependency */,
			);
			name = JournalTests;
			productName = JournalTests;
			productReference = C0FAA998210C57CB00CCD915 /* JournalTests.xctest */;
			productType = "com.apple.product-type.bundle.unit-test";
		};
/* End PBXNativeTarget section */

/* Begin PBXProject section */
		C0F646BB2102F1760098A8ED /* Project object */ = {
			isa = PBXProject;
			attributes = {
				LastSwiftUpdateCheck = 0940;
				LastUpgradeCheck = 0940;
				ORGANIZATIONNAME = roe;
				TargetAttributes = {
					C0F646C22102F1760098A8ED = {
						CreatedOnToolsVersion = 9.4;
					};
					C0FAA997210C57CB00CCD915 = {
						CreatedOnToolsVersion = 9.4.1;
						TestTargetID = C0F646C22102F1760098A8ED;
					};
				};
			};
			buildConfigurationList = C0F646BE2102F1760098A8ED /* Build configuration list for PBXProject "Journal" */;
			compatibilityVersion = "Xcode 9.3";
			developmentRegion = en;
			hasScannedForEncodings = 0;
			knownRegions = (
				en,
				Base,
			);
			mainGroup = C0F646BA2102F1760098A8ED;
			productRefGroup = C0F646C42102F1760098A8ED /* Products */;
			projectDirPath = "";
			projectRoot = "";
			targets = (
				C0F646C22102F1760098A8ED /* Journal */,
				C0FAA997210C57CB00CCD915 /* JournalTests */,
			);
		};
/* End PBXProject section */

/* Begin PBXResourcesBuildPhase section */
		C0F646C12102F1760098A8ED /* Resources */ = {
			isa = PBXResourcesBuildPhase;
			buildActionMask = 2147483647;
			files = (
				C0F646D12102F1790098A8ED /* LaunchScreen.storyboard in Resources */,
				C0F646CE2102F1790098A8ED /* Assets.xcassets in Resources */,
				C0F646CC2102F1770098A8ED /* Main.storyboard in Resources */,
			);
			runOnlyForDeploymentPostprocessing = 0;
		};
		C0FAA996210C57CB00CCD915 /* Resources */ = {
			isa = PBXResourcesBuildPhase;
			buildActionMask = 2147483647;
			files = (
			);
			runOnlyForDeploymentPostprocessing = 0;
		};
/* End PBXResourcesBuildPhase section */

/* Begin PBXSourcesBuildPhase section */
		C0F646BF2102F1760098A8ED /* Sources */ = {
			isa = PBXSourcesBuildPhase;
			buildActionMask = 2147483647;
			files = (
				C0FAA991210C4B8700CCD915 /* Entry.swift in Sources */,
				C024586D211540A50092E9BE /* Identifiable.swift in Sources */,
				C024586B21153C590092E9BE /* Journal.swift in Sources */,
				C0F646C92102F1760098A8ED /* ViewController.swift in Sources */,
				C0F646C72102F1760098A8ED /* AppDelegate.swift in Sources */,
				C0FAA993210C519600CCD915 /* Diary.swift in Sources */,
			);
			runOnlyForDeploymentPostprocessing = 0;
		};
		C0FAA994210C57CB00CCD915 /* Sources */ = {
			isa = PBXSourcesBuildPhase;
			buildActionMask = 2147483647;
			files = (
				C0FAA99B210C57CC00CCD915 /* JournalTests.swift in Sources */,
			);
			runOnlyForDeploymentPostprocessing = 0;
		};
/* End PBXSourcesBuildPhase section */

/* Begin PBXTargetDependency section */
		C0FAA99E210C57CC00CCD915 /* PBXTargetDependency */ = {
			isa = PBXTargetDependency;
			target = C0F646C22102F1760098A8ED /* Journal */;
			targetProxy = C0FAA99D210C57CC00CCD915 /* PBXContainerItemProxy */;
		};
/* End PBXTargetDependency section */

/* Begin PBXVariantGroup section */
		C0F646CA2102F1770098A8ED /* Main.storyboard */ = {
			isa = PBXVariantGroup;
			children = (
				C0F646CB2102F1770098A8ED /* Base */,
			);
			name = Main.storyboard;
			sourceTree = "<group>";
		};
		C0F646CF2102F1790098A8ED /* LaunchScreen.storyboard */ = {
			isa = PBXVariantGroup;
			children = (
				C0F646D02102F1790098A8ED /* Base */,
			);
			name = LaunchScreen.storyboard;
			sourceTree = "<group>";
		};
/* End PBXVariantGroup section */

/* Begin XCBuildConfiguration section */
		C0F646D32102F1790098A8ED /* Debug */ = {
			isa = XCBuildConfiguration;
			buildSettings = {
				ALWAYS_SEARCH_USER_PATHS = NO;
				CLANG_ANALYZER_NONNULL = YES;
				CLANG_ANALYZER_NUMBER_OBJECT_CONVERSION = YES_AGGRESSIVE;
				CLANG_CXX_LANGUAGE_STANDARD = "gnu++14";
				CLANG_CXX_LIBRARY = "libc++";
				CLANG_ENABLE_MODULES = YES;
				CLANG_ENABLE_OBJC_ARC = YES;
				CLANG_ENABLE_OBJC_WEAK = YES;
				CLANG_WARN_BLOCK_CAPTURE_AUTORELEASING = YES;
				CLANG_WARN_BOOL_CONVERSION = YES;
				CLANG_WARN_COMMA = YES;
				CLANG_WARN_CONSTANT_CONVERSION = YES;
				CLANG_WARN_DEPRECATED_OBJC_IMPLEMENTATIONS = YES;
				CLANG_WARN_DIRECT_OBJC_ISA_USAGE = YES_ERROR;
				CLANG_WARN_DOCUMENTATION_COMMENTS = YES;
				CLANG_WARN_EMPTY_BODY = YES;
				CLANG_WARN_ENUM_CONVERSION = YES;
				CLANG_WARN_INFINITE_RECURSION = YES;
				CLANG_WARN_INT_CONVERSION = YES;
				CLANG_WARN_NON_LITERAL_NULL_CONVERSION = YES;
				CLANG_WARN_OBJC_IMPLICIT_RETAIN_SELF = YES;
				CLANG_WARN_OBJC_LITERAL_CONVERSION = YES;
				CLANG_WARN_OBJC_ROOT_CLASS = YES_ERROR;
				CLANG_WARN_RANGE_LOOP_ANALYSIS = YES;
				CLANG_WARN_STRICT_PROTOTYPES = YES;
				CLANG_WARN_SUSPICIOUS_MOVE = YES;
				CLANG_WARN_UNGUARDED_AVAILABILITY = YES_AGGRESSIVE;
				CLANG_WARN_UNREACHABLE_CODE = YES;
				CLANG_WARN__DUPLICATE_METHOD_MATCH = YES;
				CODE_SIGN_IDENTITY = "iPhone Developer";
				COPY_PHASE_STRIP = NO;
				DEBUG_INFORMATION_FORMAT = dwarf;
				ENABLE_STRICT_OBJC_MSGSEND = YES;
				ENABLE_TESTABILITY = YES;
				GCC_C_LANGUAGE_STANDARD = gnu11;
				GCC_DYNAMIC_NO_PIC = NO;
				GCC_NO_COMMON_BLOCKS = YES;
				GCC_OPTIMIZATION_LEVEL = 0;
				GCC_PREPROCESSOR_DEFINITIONS = (
					"DEBUG=1",
					"$(inherited)",
				);
				GCC_WARN_64_TO_32_BIT_CONVERSION = YES;
				GCC_WARN_ABOUT_RETURN_TYPE = YES_ERROR;
				GCC_WARN_UNDECLARED_SELECTOR = YES;
				GCC_WARN_UNINITIALIZED_AUTOS = YES_AGGRESSIVE;
				GCC_WARN_UNUSED_FUNCTION = YES;
				GCC_WARN_UNUSED_VARIABLE = YES;
				IPHONEOS_DEPLOYMENT_TARGET = 11.4;
				MTL_ENABLE_DEBUG_INFO = YES;
				ONLY_ACTIVE_ARCH = YES;
				SDKROOT = iphoneos;
				SWIFT_ACTIVE_COMPILATION_CONDITIONS = DEBUG;
				SWIFT_OPTIMIZATION_LEVEL = "-Onone";
			};
			name = Debug;
		};
		C0F646D42102F1790098A8ED /* Release */ = {
			isa = XCBuildConfiguration;
			buildSettings = {
				ALWAYS_SEARCH_USER_PATHS = NO;
				CLANG_ANALYZER_NONNULL = YES;
				CLANG_ANALYZER_NUMBER_OBJECT_CONVERSION = YES_AGGRESSIVE;
				CLANG_CXX_LANGUAGE_STANDARD = "gnu++14";
				CLANG_CXX_LIBRARY = "libc++";
				CLANG_ENABLE_MODULES = YES;
				CLANG_ENABLE_OBJC_ARC = YES;
				CLANG_ENABLE_OBJC_WEAK = YES;
				CLANG_WARN_BLOCK_CAPTURE_AUTORELEASING = YES;
				CLANG_WARN_BOOL_CONVERSION = YES;
				CLANG_WARN_COMMA = YES;
				CLANG_WARN_CONSTANT_CONVERSION = YES;
				CLANG_WARN_DEPRECATED_OBJC_IMPLEMENTATIONS = YES;
				CLANG_WARN_DIRECT_OBJC_ISA_USAGE = YES_ERROR;
				CLANG_WARN_DOCUMENTATION_COMMENTS = YES;
				CLANG_WARN_EMPTY_BODY = YES;
				CLANG_WARN_ENUM_CONVERSION = YES;
				CLANG_WARN_INFINITE_RECURSION = YES;
				CLANG_WARN_INT_CONVERSION = YES;
				CLANG_WARN_NON_LITERAL_NULL_CONVERSION = YES;
				CLANG_WARN_OBJC_IMPLICIT_RETAIN_SELF = YES;
				CLANG_WARN_OBJC_LITERAL_CONVERSION = YES;
				CLANG_WARN_OBJC_ROOT_CLASS = YES_ERROR;
				CLANG_WARN_RANGE_LOOP_ANALYSIS = YES;
				CLANG_WARN_STRICT_PROTOTYPES = YES;
				CLANG_WARN_SUSPICIOUS_MOVE = YES;
				CLANG_WARN_UNGUARDED_AVAILABILITY = YES_AGGRESSIVE;
				CLANG_WARN_UNREACHABLE_CODE = YES;
				CLANG_WARN__DUPLICATE_METHOD_MATCH = YES;
				CODE_SIGN_IDENTITY = "iPhone Developer";
				COPY_PHASE_STRIP = NO;
				DEBUG_INFORMATION_FORMAT = "dwarf-with-dsym";
				ENABLE_NS_ASSERTIONS = NO;
				ENABLE_STRICT_OBJC_MSGSEND = YES;
				GCC_C_LANGUAGE_STANDARD = gnu11;
				GCC_NO_COMMON_BLOCKS = YES;
				GCC_WARN_64_TO_32_BIT_CONVERSION = YES;
				GCC_WARN_ABOUT_RETURN_TYPE = YES_ERROR;
				GCC_WARN_UNDECLARED_SELECTOR = YES;
				GCC_WARN_UNINITIALIZED_AUTOS = YES_AGGRESSIVE;
				GCC_WARN_UNUSED_FUNCTION = YES;
				GCC_WARN_UNUSED_VARIABLE = YES;
				IPHONEOS_DEPLOYMENT_TARGET = 11.4;
				MTL_ENABLE_DEBUG_INFO = NO;
				SDKROOT = iphoneos;
				SWIFT_COMPILATION_MODE = wholemodule;
				SWIFT_OPTIMIZATION_LEVEL = "-O";
				VALIDATE_PRODUCT = YES;
			};
			name = Release;
		};
		C0F646D62102F1790098A8ED /* Debug */ = {
			isa = XCBuildConfiguration;
			buildSettings = {
				ASSETCATALOG_COMPILER_APPICON_NAME = AppIcon;
				CODE_SIGN_STYLE = Automatic;
				DEVELOPMENT_TEAM = "";
				INFOPLIST_FILE = "$(SRCROOT)/Journal/Resources/Info.plist";
				LD_RUNPATH_SEARCH_PATHS = (
					"$(inherited)",
					"@executable_path/Frameworks",
				);
				PRODUCT_BUNDLE_IDENTIFIER = pe.roe.Journal;
				PRODUCT_NAME = "$(TARGET_NAME)";
				SWIFT_VERSION = 4.0;
				TARGETED_DEVICE_FAMILY = "1,2";
			};
			name = Debug;
		};
		C0F646D72102F1790098A8ED /* Release */ = {
			isa = XCBuildConfiguration;
			buildSettings = {
				ASSETCATALOG_COMPILER_APPICON_NAME = AppIcon;
				CODE_SIGN_STYLE = Automatic;
				DEVELOPMENT_TEAM = "";
				INFOPLIST_FILE = "$(SRCROOT)/Journal/Resources/Info.plist";
				LD_RUNPATH_SEARCH_PATHS = (
					"$(inherited)",
					"@executable_path/Frameworks",
				);
				PRODUCT_BUNDLE_IDENTIFIER = pe.roe.Journal;
				PRODUCT_NAME = "$(TARGET_NAME)";
				SWIFT_VERSION = 4.0;
				TARGETED_DEVICE_FAMILY = "1,2";
			};
			name = Release;
		};
		C0FAA9A0210C57CC00CCD915 /* Debug */ = {
			isa = XCBuildConfiguration;
			buildSettings = {
				BUNDLE_LOADER = "$(TEST_HOST)";
				CODE_SIGN_STYLE = Automatic;
				INFOPLIST_FILE = JournalTests/Info.plist;
				LD_RUNPATH_SEARCH_PATHS = (
					"$(inherited)",
					"@executable_path/Frameworks",
					"@loader_path/Frameworks",
				);
				PRODUCT_BUNDLE_IDENTIFIER = pe.roe.JournalTests;
				PRODUCT_NAME = "$(TARGET_NAME)";
				SWIFT_VERSION = 4.0;
				TARGETED_DEVICE_FAMILY = "1,2";
				TEST_HOST = "$(BUILT_PRODUCTS_DIR)/Journal.app/Journal";
			};
			name = Debug;
		};
		C0FAA9A1210C57CC00CCD915 /* Release */ = {
			isa = XCBuildConfiguration;
			buildSettings = {
				BUNDLE_LOADER = "$(TEST_HOST)";
				CODE_SIGN_STYLE = Automatic;
				INFOPLIST_FILE = JournalTests/Info.plist;
				LD_RUNPATH_SEARCH_PATHS = (
					"$(inherited)",
					"@executable_path/Frameworks",
					"@loader_path/Frameworks",
				);
				PRODUCT_BUNDLE_IDENTIFIER = pe.roe.JournalTests;
				PRODUCT_NAME = "$(TARGET_NAME)";
				SWIFT_VERSION = 4.0;
				TARGETED_DEVICE_FAMILY = "1,2";
				TEST_HOST = "$(BUILT_PRODUCTS_DIR)/Journal.app/Journal";
			};
			name = Release;
		};
/* End XCBuildConfiguration section */

/* Begin XCConfigurationList section */
		C0F646BE2102F1760098A8ED /* Build configuration list for PBXProject "Journal" */ = {
			isa = XCConfigurationList;
			buildConfigurations = (
				C0F646D32102F1790098A8ED /* Debug */,
				C0F646D42102F1790098A8ED /* Release */,
			);
			defaultConfigurationIsVisible = 0;
			defaultConfigurationName = Release;
		};
		C0F646D52102F1790098A8ED /* Build configuration list for PBXNativeTarget "Journal" */ = {
			isa = XCConfigurationList;
			buildConfigurations = (
				C0F646D62102F1790098A8ED /* Debug */,
				C0F646D72102F1790098A8ED /* Release */,
			);
			defaultConfigurationIsVisible = 0;
			defaultConfigurationName = Release;
		};
		C0FAA99F210C57CC00CCD915 /* Build configuration list for PBXNativeTarget "JournalTests" */ = {
			isa = XCConfigurationList;
			buildConfigurations = (
				C0FAA9A0210C57CC00CCD915 /* Debug */,
				C0FAA9A1210C57CC00CCD915 /* Release */,
			);
			defaultConfigurationIsVisible = 0;
			defaultConfigurationName = Release;
		};
/* End XCConfigurationList section */
	};
	rootObject = C0F646BB2102F1760098A8ED /* Project object */;
}
